PODS:
  - AEXML (4.6.1)
  - BartyCrouch (4.11.0)
  - KeyHolder (4.1.0):
    - Magnet (~> 3.3.0)
  - LetsMove (1.25)
  - LoginServiceKit (2.4.0)
  - Magnet (3.3.0):
    - Sauce (~> 2.2.0)
  - Nimble (10.0.0)
  - PINCache (3.0.3):
    - PINCache/Arc-exception-safe (= 3.0.3)
    - PINCache/Core (= 3.0.3)
  - PINCache/Arc-exception-safe (3.0.3):
    - PINCache/Core
  - PINCache/Core (3.0.3):
    - PINOperation (~> 1.2.1)
  - PINOperation (1.2.2)
  - Quick (5.0.1)
  - Realm (10.32.3):
    - Realm/Headers (= 10.32.3)
  - Realm/Headers (10.32.3)
  - RealmSwift (10.32.3):
    - Realm (= 10.32.3)
  - RxCocoa (6.5.0):
    - RxRelay (= 6.5.0)
    - RxSwift (= 6.5.0)
  - RxRelay (6.5.0):
    - RxSwift (= 6.5.0)
  - RxScreeen (2.1.0):
    - RxCocoa (~> 6.0)
    - RxSwift (~> 6.0)
    - Screeen (~> 2.0.1)
  - RxSwift (6.5.0)
  - Sauce (2.2.0)
  - Screeen (2.0.1)
  - Sparkle (1.27.1)
  - SwiftGen (6.6.2)
  - SwiftHEXColors (1.4.1)
  - SwiftLint (0.50.1)

DEPENDENCIES:
  - AEXML
  - BartyCrouch
  - KeyHolder
  - LetsMove
  - LoginServiceKit (from `https://github.com/Clipy/LoginServiceKit.git`)
  - Magnet
  - Nimble
  - PINCache
  - Quick
  - RealmSwift
  - RxCocoa
  - RxScreeen
  - RxSwift
  - Sauce
  - Sparkle
  - SwiftGen
  - SwiftHEXColors
  - SwiftLint

SPEC REPOS:
  trunk:
    - AEXML
    - BartyCrouch
    - KeyHolder
    - LetsMove
    - Magnet
    - Nimble
    - PINCache
    - PINOperation
    - Quick
    - Realm
    - RealmSwift
    - RxCocoa
    - RxRelay
    - RxScreeen
    - RxSwift
    - Sauce
    - Screeen
    - Sparkle
    - SwiftGen
    - SwiftHEXColors
    - SwiftLint

EXTERNAL SOURCES:
  LoginServiceKit:
    :git: https://github.com/Clipy/LoginServiceKit.git

CHECKOUT OPTIONS:
  LoginServiceKit:
    :commit: a8e68051aca8bbb702e62ab36006a301966ab053
    :git: https://github.com/Clipy/LoginServiceKit.git

SPEC CHECKSUMS:
  AEXML: 1e255ecc6597212f97a7454a69ebd3ede64ac1cf
  BartyCrouch: 13832c060befe72cd1df8d3711e7aeeacb8808ba
  KeyHolder: 7fce073043392cddc3e3126f3f9bdaa5ecf1f19e
  LetsMove: 7b9fe44737707d984fbd3f47af46609a9a07b461
  LoginServiceKit: f1fcedb23076c3a0384f0c7c06978bc49459a1be
  Magnet: a44a5a14eecc77433cbaad1431b78f7d20725bf2
  Nimble: 5316ef81a170ce87baf72dd961f22f89a602ff84
  PINCache: 7a8fc1a691173d21dbddbf86cd515de6efa55086
  PINOperation: daa34d4aa1d8449089be7d405b9d974abc4724c6
  Quick: 749aa754fd1e7d984f2000fe051e18a3a9809179
  Realm: fdf6732924dc5e69e30e0db2c11e869f92b53f3d
  RealmSwift: 7c181da8fa1c2fe613656a77c198d6a3dc3879a1
  RxCocoa: 94f817b71c07517321eb4f9ad299112ca8af743b
  RxRelay: 1de1523e604c72b6c68feadedd1af3b1b4d0ecbd
  RxScreeen: 18efe5daecca6db6e7e18400c436fb4d252a2f7b
  RxSwift: 5710a9e6b17f3c3d6e40d6e559b9fa1e813b2ef8
  Sauce: 3ade51738563f86b08888cf4b91ae5943012088b
  Screeen: e5c570d3df139b8d5d0e1ffd41094204787d9f1a
  Sparkle: 23f98b268284c8c03e6228230fc8f1807ef041d5
  SwiftGen: 1366a7f71aeef49954ca5a63ba4bef6b0f24138c
  SwiftHEXColors: 1cb6e5d55c52749aa33db8f088ac55eb71ca4c7f
  SwiftLint: 6b0cf1f4d619808dbc16e4fab064ce6fc79f090b

PODFILE CHECKSUM: 57ecd94a3cf36d020cb8926562e41104c4fea206

COCOAPODS: 1.11.3
